// !$*UTF8*$!
{
	archiveVersion = 1;
	classes = {
	};
	objectVersion = 51;
	objects = {

/* Begin PBXBuildFile section */
		55D07C5D4298CC228F762547 /* Pods_tutorialStripe.framework in Frameworks */ = {isa = PBXBuildFile; fileRef = 735ACD515FA2F4103019B917 /* Pods_tutorialStripe.framework */; };
		6EF1509FCA8BEEFB8169F208 /* Pods_ArtableAdmin.framework in Frameworks */ = {isa = PBXBuildFile; fileRef = B93723ACA58EF031D89F7C92 /* Pods_ArtableAdmin.framework */; };
		6F39CC7C24A7FBA000A9C4A8 /* GoogleService-Info.plist in Resources */ = {isa = PBXBuildFile; fileRef = 6F39CC7B24A7FBA000A9C4A8 /* GoogleService-Info.plist */; };
		6F39CC7E24A7FC4C00A9C4A8 /* GoogleService-Info.plist in Resources */ = {isa = PBXBuildFile; fileRef = 6F39CC7D24A7FC4C00A9C4A8 /* GoogleService-Info.plist */; };
		6F39CC8424A8007300A9C4A8 /* LoginVC.swift in Sources */ = {isa = PBXBuildFile; fileRef = 6F39CC8324A8007300A9C4A8 /* LoginVC.swift */; };
		6F39CC8624A8008700A9C4A8 /* RegisterVC.swift in Sources */ = {isa = PBXBuildFile; fileRef = 6F39CC8524A8008700A9C4A8 /* RegisterVC.swift */; };
		6F39CC8A24A8068500A9C4A8 /* extensions.swift in Sources */ = {isa = PBXBuildFile; fileRef = 6F39CC8924A8068500A9C4A8 /* extensions.swift */; };
		6F39CC8C24A80EAA00A9C4A8 /* Constraints.swift in Sources */ = {isa = PBXBuildFile; fileRef = 6F39CC8B24A80EAA00A9C4A8 /* Constraints.swift */; };
		6F39CC8E24A8135900A9C4A8 /* RoundedViews.swift in Sources */ = {isa = PBXBuildFile; fileRef = 6F39CC8D24A8135900A9C4A8 /* RoundedViews.swift */; };
		6FB41CB924A75861008A4E05 /* AppDelegate.swift in Sources */ = {isa = PBXBuildFile; fileRef = 6FB41CB824A75861008A4E05 /* AppDelegate.swift */; };
		6FB41CBB24A75861008A4E05 /* SceneDelegate.swift in Sources */ = {isa = PBXBuildFile; fileRef = 6FB41CBA24A75861008A4E05 /* SceneDelegate.swift */; };
		6FB41CBD24A75861008A4E05 /* ViewController.swift in Sources */ = {isa = PBXBuildFile; fileRef = 6FB41CBC24A75861008A4E05 /* ViewController.swift */; };
		6FB41CC024A75861008A4E05 /* Main.storyboard in Resources */ = {isa = PBXBuildFile; fileRef = 6FB41CBE24A75861008A4E05 /* Main.storyboard */; };
		6FB41CC224A75865008A4E05 /* Assets.xcassets in Resources */ = {isa = PBXBuildFile; fileRef = 6FB41CC124A75865008A4E05 /* Assets.xcassets */; };
		6FB41CC524A75865008A4E05 /* LaunchScreen.storyboard in Resources */ = {isa = PBXBuildFile; fileRef = 6FB41CC324A75865008A4E05 /* LaunchScreen.storyboard */; };
		6FB41CD324A75959008A4E05 /* AppDelegate.swift in Sources */ = {isa = PBXBuildFile; fileRef = 6FB41CD224A75959008A4E05 /* AppDelegate.swift */; };
		6FB41CD524A75959008A4E05 /* SceneDelegate.swift in Sources */ = {isa = PBXBuildFile; fileRef = 6FB41CD424A75959008A4E05 /* SceneDelegate.swift */; };
		6FB41CD724A75959008A4E05 /* ViewController.swift in Sources */ = {isa = PBXBuildFile; fileRef = 6FB41CD624A75959008A4E05 /* ViewController.swift */; };
		6FB41CDA24A75959008A4E05 /* Main.storyboard in Resources */ = {isa = PBXBuildFile; fileRef = 6FB41CD824A75959008A4E05 /* Main.storyboard */; };
		6FB41CDF24A7595B008A4E05 /* LaunchScreen.storyboard in Resources */ = {isa = PBXBuildFile; fileRef = 6FB41CDD24A7595B008A4E05 /* LaunchScreen.storyboard */; };
		6FB41CE524A759FD008A4E05 /* Assets.xcassets in Resources */ = {isa = PBXBuildFile; fileRef = 6FB41CC124A75865008A4E05 /* Assets.xcassets */; };
		6FB41CE724A75BE9008A4E05 /* Login.storyboard in Resources */ = {isa = PBXBuildFile; fileRef = 6FB41CE624A75BE9008A4E05 /* Login.storyboard */; };
/* End PBXBuildFile section */

/* Begin PBXFileReference section */
		437E638F66A1F115912827AC /* Pods-tutorialStripe.release.xcconfig */ = {isa = PBXFileReference; includeInIndex = 1; lastKnownFileType = text.xcconfig; name = "Pods-tutorialStripe.release.xcconfig"; path = "Target Support Files/Pods-tutorialStripe/Pods-tutorialStripe.release.xcconfig"; sourceTree = "<group>"; };
		51AB1AA8705CA1494ABCED1D /* Pods-ArtableAdmin.debug.xcconfig */ = {isa = PBXFileReference; includeInIndex = 1; lastKnownFileType = text.xcconfig; name = "Pods-ArtableAdmin.debug.xcconfig"; path = "Target Support Files/Pods-ArtableAdmin/Pods-ArtableAdmin.debug.xcconfig"; sourceTree = "<group>"; };
		6F39CC7B24A7FBA000A9C4A8 /* GoogleService-Info.plist */ = {isa = PBXFileReference; fileEncoding = 4; lastKnownFileType = text.plist.xml; path = "GoogleService-Info.plist"; sourceTree = "<group>"; };
		6F39CC7D24A7FC4C00A9C4A8 /* GoogleService-Info.plist */ = {isa = PBXFileReference; fileEncoding = 4; lastKnownFileType = text.plist.xml; path = "GoogleService-Info.plist"; sourceTree = "<group>"; };
		6F39CC8324A8007300A9C4A8 /* LoginVC.swift */ = {isa = PBXFileReference; lastKnownFileType = sourcecode.swift; path = LoginVC.swift; sourceTree = "<group>"; };
		6F39CC8524A8008700A9C4A8 /* RegisterVC.swift */ = {isa = PBXFileReference; lastKnownFileType = sourcecode.swift; path = RegisterVC.swift; sourceTree = "<group>"; };
		6F39CC8924A8068500A9C4A8 /* extensions.swift */ = {isa = PBXFileReference; lastKnownFileType = sourcecode.swift; path = extensions.swift; sourceTree = "<group>"; };
		6F39CC8B24A80EAA00A9C4A8 /* Constraints.swift */ = {isa = PBXFileReference; lastKnownFileType = sourcecode.swift; path = Constraints.swift; sourceTree = "<group>"; };
		6F39CC8D24A8135900A9C4A8 /* RoundedViews.swift */ = {isa = PBXFileReference; lastKnownFileType = sourcecode.swift; path = RoundedViews.swift; sourceTree = "<group>"; };
		6FB41CB524A75860008A4E05 /* tutorialStripe.app */ = {isa = PBXFileReference; explicitFileType = wrapper.application; includeInIndex = 0; path = tutorialStripe.app; sourceTree = BUILT_PRODUCTS_DIR; };
		6FB41CB824A75861008A4E05 /* AppDelegate.swift */ = {isa = PBXFileReference; lastKnownFileType = sourcecode.swift; path = AppDelegate.swift; sourceTree = "<group>"; };
		6FB41CBA24A75861008A4E05 /* SceneDelegate.swift */ = {isa = PBXFileReference; lastKnownFileType = sourcecode.swift; path = SceneDelegate.swift; sourceTree = "<group>"; };
		6FB41CBC24A75861008A4E05 /* ViewController.swift */ = {isa = PBXFileReference; lastKnownFileType = sourcecode.swift; path = ViewController.swift; sourceTree = "<group>"; };
		6FB41CBF24A75861008A4E05 /* Base */ = {isa = PBXFileReference; lastKnownFileType = file.storyboard; name = Base; path = Base.lproj/Main.storyboard; sourceTree = "<group>"; };
		6FB41CC124A75865008A4E05 /* Assets.xcassets */ = {isa = PBXFileReference; lastKnownFileType = folder.assetcatalog; path = Assets.xcassets; sourceTree = "<group>"; };
		6FB41CC424A75865008A4E05 /* Base */ = {isa = PBXFileReference; lastKnownFileType = file.storyboard; name = Base; path = Base.lproj/LaunchScreen.storyboard; sourceTree = "<group>"; };
		6FB41CC624A75865008A4E05 /* Info.plist */ = {isa = PBXFileReference; lastKnownFileType = text.plist.xml; path = Info.plist; sourceTree = "<group>"; };
		6FB41CD024A75959008A4E05 /* ArtableAdmin.app */ = {isa = PBXFileReference; explicitFileType = wrapper.application; includeInIndex = 0; path = ArtableAdmin.app; sourceTree = BUILT_PRODUCTS_DIR; };
		6FB41CD224A75959008A4E05 /* AppDelegate.swift */ = {isa = PBXFileReference; lastKnownFileType = sourcecode.swift; path = AppDelegate.swift; sourceTree = "<group>"; };
		6FB41CD424A75959008A4E05 /* SceneDelegate.swift */ = {isa = PBXFileReference; lastKnownFileType = sourcecode.swift; path = SceneDelegate.swift; sourceTree = "<group>"; };
		6FB41CD624A75959008A4E05 /* ViewController.swift */ = {isa = PBXFileReference; lastKnownFileType = sourcecode.swift; path = ViewController.swift; sourceTree = "<group>"; };
		6FB41CD924A75959008A4E05 /* Base */ = {isa = PBXFileReference; lastKnownFileType = file.storyboard; name = Base; path = Base.lproj/Main.storyboard; sourceTree = "<group>"; };
		6FB41CDE24A7595B008A4E05 /* Base */ = {isa = PBXFileReference; lastKnownFileType = file.storyboard; name = Base; path = Base.lproj/LaunchScreen.storyboard; sourceTree = "<group>"; };
		6FB41CE024A7595B008A4E05 /* Info.plist */ = {isa = PBXFileReference; lastKnownFileType = text.plist.xml; path = Info.plist; sourceTree = "<group>"; };
		6FB41CE624A75BE9008A4E05 /* Login.storyboard */ = {isa = PBXFileReference; lastKnownFileType = file.storyboard; path = Login.storyboard; sourceTree = "<group>"; };
		735ACD515FA2F4103019B917 /* Pods_tutorialStripe.framework */ = {isa = PBXFileReference; explicitFileType = wrapper.framework; includeInIndex = 0; path = Pods_tutorialStripe.framework; sourceTree = BUILT_PRODUCTS_DIR; };
		7EF86F16BC6CB440A16CC732 /* Pods-tutorialStripe.debug.xcconfig */ = {isa = PBXFileReference; includeInIndex = 1; lastKnownFileType = text.xcconfig; name = "Pods-tutorialStripe.debug.xcconfig"; path = "Target Support Files/Pods-tutorialStripe/Pods-tutorialStripe.debug.xcconfig"; sourceTree = "<group>"; };
		85BF99D56855EC6110DB98B4 /* Pods-ArtableAdmin.release.xcconfig */ = {isa = PBXFileReference; includeInIndex = 1; lastKnownFileType = text.xcconfig; name = "Pods-ArtableAdmin.release.xcconfig"; path = "Target Support Files/Pods-ArtableAdmin/Pods-ArtableAdmin.release.xcconfig"; sourceTree = "<group>"; };
		B93723ACA58EF031D89F7C92 /* Pods_ArtableAdmin.framework */ = {isa = PBXFileReference; explicitFileType = wrapper.framework; includeInIndex = 0; path = Pods_ArtableAdmin.framework; sourceTree = BUILT_PRODUCTS_DIR; };
/* End PBXFileReference section */

/* Begin PBXFrameworksBuildPhase section */
		6FB41CB224A75860008A4E05 /* Frameworks */ = {
			isa = PBXFrameworksBuildPhase;
			buildActionMask = 2147483647;
			files = (
				55D07C5D4298CC228F762547 /* Pods_tutorialStripe.framework in Frameworks */,
			);
			runOnlyForDeploymentPostprocessing = 0;
		};
		6FB41CCD24A75959008A4E05 /* Frameworks */ = {
			isa = PBXFrameworksBuildPhase;
			buildActionMask = 2147483647;
			files = (
				6EF1509FCA8BEEFB8169F208 /* Pods_ArtableAdmin.framework in Frameworks */,
			);
			runOnlyForDeploymentPostprocessing = 0;
		};
/* End PBXFrameworksBuildPhase section */

/* Begin PBXGroup section */
		6F39CC7F24A7FF6C00A9C4A8 /* View */ = {
			isa = PBXGroup;
			children = (
			);
			path = View;
			sourceTree = "<group>";
		};
		6F39CC8024A7FF7300A9C4A8 /* Model */ = {
			isa = PBXGroup;
			children = (
			);
			path = Model;
			sourceTree = "<group>";
		};
		6F39CC8124A7FF8200A9C4A8 /* ViewController */ = {
			isa = PBXGroup;
			children = (
				6F39CC8324A8007300A9C4A8 /* LoginVC.swift */,
				6F39CC8524A8008700A9C4A8 /* RegisterVC.swift */,
				6FB41CB824A75861008A4E05 /* AppDelegate.swift */,
				6FB41CBC24A75861008A4E05 /* ViewController.swift */,
			);
			path = ViewController;
			sourceTree = "<group>";
		};
		6F39CC8224A7FFCE00A9C4A8 /* StoryBoards */ = {
			isa = PBXGroup;
			children = (
				6FB41CBE24A75861008A4E05 /* Main.storyboard */,
				6FB41CC324A75865008A4E05 /* LaunchScreen.storyboard */,
				6FB41CE624A75BE9008A4E05 /* Login.storyboard */,
			);
			path = StoryBoards;
			sourceTree = "<group>";
		};
		6FB41CAC24A75860008A4E05 = {
			isa = PBXGroup;
			children = (
				6FB41CE424A759CF008A4E05 /* Shared */,
				6FB41CB724A75861008A4E05 /* tutorialStripe */,
				6FB41CD124A75959008A4E05 /* ArtableAdmin */,
				6FB41CB624A75861008A4E05 /* Products */,
				B4E6CE8675A63B5E2C4E51FC /* Pods */,
				BA67B2979573922E70FF20DC /* Frameworks */,
			);
			sourceTree = "<group>";
		};
		6FB41CB624A75861008A4E05 /* Products */ = {
			isa = PBXGroup;
			children = (
				6FB41CB524A75860008A4E05 /* tutorialStripe.app */,
				6FB41CD024A75959008A4E05 /* ArtableAdmin.app */,
			);
			name = Products;
			sourceTree = "<group>";
		};
		6FB41CB724A75861008A4E05 /* tutorialStripe */ = {
			isa = PBXGroup;
			children = (
				6F39CC8224A7FFCE00A9C4A8 /* StoryBoards */,
				6F39CC8124A7FF8200A9C4A8 /* ViewController */,
				6F39CC8024A7FF7300A9C4A8 /* Model */,
				6F39CC7F24A7FF6C00A9C4A8 /* View */,
				6FB41CBA24A75861008A4E05 /* SceneDelegate.swift */,
				6F39CC7B24A7FBA000A9C4A8 /* GoogleService-Info.plist */,
				6FB41CC624A75865008A4E05 /* Info.plist */,
			);
			path = tutorialStripe;
			sourceTree = "<group>";
		};
		6FB41CD124A75959008A4E05 /* ArtableAdmin */ = {
			isa = PBXGroup;
			children = (
				6FB41CD224A75959008A4E05 /* AppDelegate.swift */,
				6FB41CD424A75959008A4E05 /* SceneDelegate.swift */,
				6FB41CD624A75959008A4E05 /* ViewController.swift */,
				6FB41CD824A75959008A4E05 /* Main.storyboard */,
				6FB41CDD24A7595B008A4E05 /* LaunchScreen.storyboard */,
				6F39CC7D24A7FC4C00A9C4A8 /* GoogleService-Info.plist */,
				6FB41CE024A7595B008A4E05 /* Info.plist */,
			);
			path = ArtableAdmin;
			sourceTree = "<group>";
		};
		6FB41CE424A759CF008A4E05 /* Shared */ = {
			isa = PBXGroup;
			children = (
				6FB41CC124A75865008A4E05 /* Assets.xcassets */,
				6F39CC8924A8068500A9C4A8 /* extensions.swift */,
				6F39CC8B24A80EAA00A9C4A8 /* Constraints.swift */,
				6F39CC8D24A8135900A9C4A8 /* RoundedViews.swift */,
			);
			path = Shared;
			sourceTree = "<group>";
		};
		B4E6CE8675A63B5E2C4E51FC /* Pods */ = {
			isa = PBXGroup;
			children = (
				51AB1AA8705CA1494ABCED1D /* Pods-ArtableAdmin.debug.xcconfig */,
				85BF99D56855EC6110DB98B4 /* Pods-ArtableAdmin.release.xcconfig */,
				7EF86F16BC6CB440A16CC732 /* Pods-tutorialStripe.debug.xcconfig */,
				437E638F66A1F115912827AC /* Pods-tutorialStripe.release.xcconfig */,
			);
			path = Pods;
			sourceTree = "<group>";
		};
		BA67B2979573922E70FF20DC /* Frameworks */ = {
			isa = PBXGroup;
			children = (
				B93723ACA58EF031D89F7C92 /* Pods_ArtableAdmin.framework */,
				735ACD515FA2F4103019B917 /* Pods_tutorialStripe.framework */,
			);
			name = Frameworks;
			sourceTree = "<group>";
		};
/* End PBXGroup section */

/* Begin PBXNativeTarget section */
		6FB41CB424A75860008A4E05 /* tutorialStripe */ = {
			isa = PBXNativeTarget;
			buildConfigurationList = 6FB41CC924A75865008A4E05 /* Build configuration list for PBXNativeTarget "tutorialStripe" */;
			buildPhases = (
				7D07DAB92F41A4DC3B83CA56 /* [CP] Check Pods Manifest.lock */,
				6FB41CB124A75860008A4E05 /* Sources */,
				6FB41CB224A75860008A4E05 /* Frameworks */,
				6FB41CB324A75860008A4E05 /* Resources */,
				4C99761BBE995C314D109708 /* [CP] Embed Pods Frameworks */,
			);
			buildRules = (
			);
			dependencies = (
			);
			name = tutorialStripe;
			productName = tutorialStripe;
			productReference = 6FB41CB524A75860008A4E05 /* tutorialStripe.app */;
			productType = "com.apple.product-type.application";
		};
		6FB41CCF24A75959008A4E05 /* ArtableAdmin */ = {
			isa = PBXNativeTarget;
			buildConfigurationList = 6FB41CE124A7595B008A4E05 /* Build configuration list for PBXNativeTarget "ArtableAdmin" */;
			buildPhases = (
				FEED94F27DB2BE02C7A52E79 /* [CP] Check Pods Manifest.lock */,
				6FB41CCC24A75959008A4E05 /* Sources */,
				6FB41CCD24A75959008A4E05 /* Frameworks */,
				6FB41CCE24A75959008A4E05 /* Resources */,
				7B9A35CEDE202FCCACA38C65 /* [CP] Embed Pods Frameworks */,
			);
			buildRules = (
			);
			dependencies = (
			);
			name = ArtableAdmin;
			productName = ArtableAdmin;
			productReference = 6FB41CD024A75959008A4E05 /* ArtableAdmin.app */;
			productType = "com.apple.product-type.application";
		};
/* End PBXNativeTarget section */

/* Begin PBXProject section */
		6FB41CAD24A75860008A4E05 /* Project object */ = {
			isa = PBXProject;
			attributes = {
				LastSwiftUpdateCheck = 1130;
				LastUpgradeCheck = 1130;
				ORGANIZATIONNAME = "北島　志帆美";
				TargetAttributes = {
					6FB41CB424A75860008A4E05 = {
						CreatedOnToolsVersion = 11.3.1;
					};
					6FB41CCF24A75959008A4E05 = {
						CreatedOnToolsVersion = 11.3.1;
					};
				};
			};
			buildConfigurationList = 6FB41CB024A75860008A4E05 /* Build configuration list for PBXProject "tutorialStripe" */;
			compatibilityVersion = "Xcode 9.3";
			developmentRegion = en;
			hasScannedForEncodings = 0;
			knownRegions = (
				en,
				Base,
			);
			mainGroup = 6FB41CAC24A75860008A4E05;
			productRefGroup = 6FB41CB624A75861008A4E05 /* Products */;
			projectDirPath = "";
			projectRoot = "";
			targets = (
				6FB41CB424A75860008A4E05 /* tutorialStripe */,
				6FB41CCF24A75959008A4E05 /* ArtableAdmin */,
			);
		};
/* End PBXProject section */

/* Begin PBXResourcesBuildPhase section */
		6FB41CB324A75860008A4E05 /* Resources */ = {
			isa = PBXResourcesBuildPhase;
			buildActionMask = 2147483647;
			files = (
				6F39CC7C24A7FBA000A9C4A8 /* GoogleService-Info.plist in Resources */,
				6FB41CE724A75BE9008A4E05 /* Login.storyboard in Resources */,
				6FB41CC524A75865008A4E05 /* LaunchScreen.storyboard in Resources */,
				6FB41CC224A75865008A4E05 /* Assets.xcassets in Resources */,
				6FB41CC024A75861008A4E05 /* Main.storyboard in Resources */,
			);
			runOnlyForDeploymentPostprocessing = 0;
		};
		6FB41CCE24A75959008A4E05 /* Resources */ = {
			isa = PBXResourcesBuildPhase;
			buildActionMask = 2147483647;
			files = (
				6F39CC7E24A7FC4C00A9C4A8 /* GoogleService-Info.plist in Resources */,
				6FB41CDF24A7595B008A4E05 /* LaunchScreen.storyboard in Resources */,
				6FB41CE524A759FD008A4E05 /* Assets.xcassets in Resources */,
				6FB41CDA24A75959008A4E05 /* Main.storyboard in Resources */,
			);
			runOnlyForDeploymentPostprocessing = 0;
		};
/* End PBXResourcesBuildPhase section */

/* Begin PBXShellScriptBuildPhase section */
		4C99761BBE995C314D109708 /* [CP] Embed Pods Frameworks */ = {
			isa = PBXShellScriptBuildPhase;
			buildActionMask = 2147483647;
			files = (
			);
			inputFileListPaths = (
				"${PODS_ROOT}/Target Support Files/Pods-tutorialStripe/Pods-tutorialStripe-frameworks-${CONFIGURATION}-input-files.xcfilelist",
			);
			name = "[CP] Embed Pods Frameworks";
			outputFileListPaths = (
				"${PODS_ROOT}/Target Support Files/Pods-tutorialStripe/Pods-tutorialStripe-frameworks-${CONFIGURATION}-output-files.xcfilelist",
			);
			runOnlyForDeploymentPostprocessing = 0;
			shellPath = /bin/sh;
			shellScript = "\"${PODS_ROOT}/Target Support Files/Pods-tutorialStripe/Pods-tutorialStripe-frameworks.sh\"\n";
			showEnvVarsInLog = 0;
		};
		7B9A35CEDE202FCCACA38C65 /* [CP] Embed Pods Frameworks */ = {
			isa = PBXShellScriptBuildPhase;
			buildActionMask = 2147483647;
			files = (
			);
			inputFileListPaths = (
				"${PODS_ROOT}/Target Support Files/Pods-ArtableAdmin/Pods-ArtableAdmin-frameworks-${CONFIGURATION}-input-files.xcfilelist",
			);
			name = "[CP] Embed Pods Frameworks";
			outputFileListPaths = (
				"${PODS_ROOT}/Target Support Files/Pods-ArtableAdmin/Pods-ArtableAdmin-frameworks-${CONFIGURATION}-output-files.xcfilelist",
			);
			runOnlyForDeploymentPostprocessing = 0;
			shellPath = /bin/sh;
			shellScript = "\"${PODS_ROOT}/Target Support Files/Pods-ArtableAdmin/Pods-ArtableAdmin-frameworks.sh\"\n";
			showEnvVarsInLog = 0;
		};
		7D07DAB92F41A4DC3B83CA56 /* [CP] Check Pods Manifest.lock */ = {
			isa = PBXShellScriptBuildPhase;
			buildActionMask = 2147483647;
			files = (
			);
			inputFileListPaths = (
			);
			inputPaths = (
				"${PODS_PODFILE_DIR_PATH}/Podfile.lock",
				"${PODS_ROOT}/Manifest.lock",
			);
			name = "[CP] Check Pods Manifest.lock";
			outputFileListPaths = (
			);
			outputPaths = (
				"$(DERIVED_FILE_DIR)/Pods-tutorialStripe-checkManifestLockResult.txt",
			);
			runOnlyForDeploymentPostprocessing = 0;
			shellPath = /bin/sh;
			shellScript = "diff \"${PODS_PODFILE_DIR_PATH}/Podfile.lock\" \"${PODS_ROOT}/Manifest.lock\" > /dev/null\nif [ $? != 0 ] ; then\n    # print error to STDERR\n    echo \"error: The sandbox is not in sync with the Podfile.lock. Run 'pod install' or update your CocoaPods installation.\" >&2\n    exit 1\nfi\n# This output is used by Xcode 'outputs' to avoid re-running this script phase.\necho \"SUCCESS\" > \"${SCRIPT_OUTPUT_FILE_0}\"\n";
			showEnvVarsInLog = 0;
		};
		FEED94F27DB2BE02C7A52E79 /* [CP] Check Pods Manifest.lock */ = {
			isa = PBXShellScriptBuildPhase;
			buildActionMask = 2147483647;
			files = (
			);
			inputFileListPaths = (
			);
			inputPaths = (
				"${PODS_PODFILE_DIR_PATH}/Podfile.lock",
				"${PODS_ROOT}/Manifest.lock",
			);
			name = "[CP] Check Pods Manifest.lock";
			outputFileListPaths = (
			);
			outputPaths = (
				"$(DERIVED_FILE_DIR)/Pods-ArtableAdmin-checkManifestLockResult.txt",
			);
			runOnlyForDeploymentPostprocessing = 0;
			shellPath = /bin/sh;
			shellScript = "diff \"${PODS_PODFILE_DIR_PATH}/Podfile.lock\" \"${PODS_ROOT}/Manifest.lock\" > /dev/null\nif [ $? != 0 ] ; then\n    # print error to STDERR\n    echo \"error: The sandbox is not in sync with the Podfile.lock. Run 'pod install' or update your CocoaPods installation.\" >&2\n    exit 1\nfi\n# This output is used by Xcode 'outputs' to avoid re-running this script phase.\necho \"SUCCESS\" > \"${SCRIPT_OUTPUT_FILE_0}\"\n";
			showEnvVarsInLog = 0;
		};
/* End PBXShellScriptBuildPhase section */

/* Begin PBXSourcesBuildPhase section */
		6FB41CB124A75860008A4E05 /* Sources */ = {
			isa = PBXSourcesBuildPhase;
			buildActionMask = 2147483647;
			files = (
				6FB41CBD24A75861008A4E05 /* ViewController.swift in Sources */,
				6F39CC8C24A80EAA00A9C4A8 /* Constraints.swift in Sources */,
				6FB41CB924A75861008A4E05 /* AppDelegate.swift in Sources */,
				6F39CC8424A8007300A9C4A8 /* LoginVC.swift in Sources */,
				6F39CC8E24A8135900A9C4A8 /* RoundedViews.swift in Sources */,
				6FB41CBB24A75861008A4E05 /* SceneDelegate.swift in Sources */,
				6F39CC8624A8008700A9C4A8 /* RegisterVC.swift in Sources */,
				6F39CC8A24A8068500A9C4A8 /* extensions.swift in Sources */,
			);
			runOnlyForDeploymentPostprocessing = 0;
		};
		6FB41CCC24A75959008A4E05 /* Sources */ = {
			isa = PBXSourcesBuildPhase;
			buildActionMask = 2147483647;
			files = (
				6FB41CD724A75959008A4E05 /* ViewController.swift in Sources */,
				6FB41CD324A75959008A4E05 /* AppDelegate.swift in Sources */,
				6FB41CD524A75959008A4E05 /* SceneDelegate.swift in Sources */,
			);
			runOnlyForDeploymentPostprocessing = 0;
		};
/* End PBXSourcesBuildPhase section */

/* Begin PBXVariantGroup section */
		6FB41CBE24A75861008A4E05 /* Main.storyboard */ = {
			isa = PBXVariantGroup;
			children = (
				6FB41CBF24A75861008A4E05 /* Base */,
			);
			name = Main.storyboard;
			sourceTree = "<group>";
		};
		6FB41CC324A75865008A4E05 /* LaunchScreen.storyboard */ = {
			isa = PBXVariantGroup;
			children = (
				6FB41CC424A75865008A4E05 /* Base */,
			);
			name = LaunchScreen.storyboard;
			sourceTree = "<group>";
		};
		6FB41CD824A75959008A4E05 /* Main.storyboard */ = {
			isa = PBXVariantGroup;
			children = (
				6FB41CD924A75959008A4E05 /* Base */,
			);
			name = Main.storyboard;
			sourceTree = "<group>";
		};
		6FB41CDD24A7595B008A4E05 /* LaunchScreen.storyboard */ = {
			isa = PBXVariantGroup;
			children = (
				6FB41CDE24A7595B008A4E05 /* Base */,
			);
			name = LaunchScreen.storyboard;
			sourceTree = "<group>";
		};
/* End PBXVariantGroup section */

/* Begin XCBuildConfiguration section */
		6FB41CC724A75865008A4E05 /* Debug */ = {
			isa = XCBuildConfiguration;
			buildSettings = {
				ALWAYS_SEARCH_USER_PATHS = NO;
				CLANG_ANALYZER_NONNULL = YES;
				CLANG_ANALYZER_NUMBER_OBJECT_CONVERSION = YES_AGGRESSIVE;
				CLANG_CXX_LANGUAGE_STANDARD = "gnu++14";
				CLANG_CXX_LIBRARY = "libc++";
				CLANG_ENABLE_MODULES = YES;
				CLANG_ENABLE_OBJC_ARC = YES;
				CLANG_ENABLE_OBJC_WEAK = YES;
				CLANG_WARN_BLOCK_CAPTURE_AUTORELEASING = YES;
				CLANG_WARN_BOOL_CONVERSION = YES;
				CLANG_WARN_COMMA = YES;
				CLANG_WARN_CONSTANT_CONVERSION = YES;
				CLANG_WARN_DEPRECATED_OBJC_IMPLEMENTATIONS = YES;
				CLANG_WARN_DIRECT_OBJC_ISA_USAGE = YES_ERROR;
				CLANG_WARN_DOCUMENTATION_COMMENTS = YES;
				CLANG_WARN_EMPTY_BODY = YES;
				CLANG_WARN_ENUM_CONVERSION = YES;
				CLANG_WARN_INFINITE_RECURSION = YES;
				CLANG_WARN_INT_CONVERSION = YES;
				CLANG_WARN_NON_LITERAL_NULL_CONVERSION = YES;
				CLANG_WARN_OBJC_IMPLICIT_RETAIN_SELF = YES;
				CLANG_WARN_OBJC_LITERAL_CONVERSION = YES;
				CLANG_WARN_OBJC_ROOT_CLASS = YES_ERROR;
				CLANG_WARN_RANGE_LOOP_ANALYSIS = YES;
				CLANG_WARN_STRICT_PROTOTYPES = YES;
				CLANG_WARN_SUSPICIOUS_MOVE = YES;
				CLANG_WARN_UNGUARDED_AVAILABILITY = YES_AGGRESSIVE;
				CLANG_WARN_UNREACHABLE_CODE = YES;
				CLANG_WARN__DUPLICATE_METHOD_MATCH = YES;
				COPY_PHASE_STRIP = NO;
				DEBUG_INFORMATION_FORMAT = dwarf;
				ENABLE_STRICT_OBJC_MSGSEND = YES;
				ENABLE_TESTABILITY = YES;
				GCC_C_LANGUAGE_STANDARD = gnu11;
				GCC_DYNAMIC_NO_PIC = NO;
				GCC_NO_COMMON_BLOCKS = YES;
				GCC_OPTIMIZATION_LEVEL = 0;
				GCC_PREPROCESSOR_DEFINITIONS = (
					"DEBUG=1",
					"$(inherited)",
				);
				GCC_WARN_64_TO_32_BIT_CONVERSION = YES;
				GCC_WARN_ABOUT_RETURN_TYPE = YES_ERROR;
				GCC_WARN_UNDECLARED_SELECTOR = YES;
				GCC_WARN_UNINITIALIZED_AUTOS = YES_AGGRESSIVE;
				GCC_WARN_UNUSED_FUNCTION = YES;
				GCC_WARN_UNUSED_VARIABLE = YES;
				IPHONEOS_DEPLOYMENT_TARGET = 13.2;
				MTL_ENABLE_DEBUG_INFO = INCLUDE_SOURCE;
				MTL_FAST_MATH = YES;
				ONLY_ACTIVE_ARCH = YES;
				SDKROOT = iphoneos;
				SWIFT_ACTIVE_COMPILATION_CONDITIONS = DEBUG;
				SWIFT_OPTIMIZATION_LEVEL = "-Onone";
			};
			name = Debug;
		};
		6FB41CC824A75865008A4E05 /* Release */ = {
			isa = XCBuildConfiguration;
			buildSettings = {
				ALWAYS_SEARCH_USER_PATHS = NO;
				CLANG_ANALYZER_NONNULL = YES;
				CLANG_ANALYZER_NUMBER_OBJECT_CONVERSION = YES_AGGRESSIVE;
				CLANG_CXX_LANGUAGE_STANDARD = "gnu++14";
				CLANG_CXX_LIBRARY = "libc++";
				CLANG_ENABLE_MODULES = YES;
				CLANG_ENABLE_OBJC_ARC = YES;
				CLANG_ENABLE_OBJC_WEAK = YES;
				CLANG_WARN_BLOCK_CAPTURE_AUTORELEASING = YES;
				CLANG_WARN_BOOL_CONVERSION = YES;
				CLANG_WARN_COMMA = YES;
				CLANG_WARN_CONSTANT_CONVERSION = YES;
				CLANG_WARN_DEPRECATED_OBJC_IMPLEMENTATIONS = YES;
				CLANG_WARN_DIRECT_OBJC_ISA_USAGE = YES_ERROR;
				CLANG_WARN_DOCUMENTATION_COMMENTS = YES;
				CLANG_WARN_EMPTY_BODY = YES;
				CLANG_WARN_ENUM_CONVERSION = YES;
				CLANG_WARN_INFINITE_RECURSION = YES;
				CLANG_WARN_INT_CONVERSION = YES;
				CLANG_WARN_NON_LITERAL_NULL_CONVERSION = YES;
				CLANG_WARN_OBJC_IMPLICIT_RETAIN_SELF = YES;
				CLANG_WARN_OBJC_LITERAL_CONVERSION = YES;
				CLANG_WARN_OBJC_ROOT_CLASS = YES_ERROR;
				CLANG_WARN_RANGE_LOOP_ANALYSIS = YES;
				CLANG_WARN_STRICT_PROTOTYPES = YES;
				CLANG_WARN_SUSPICIOUS_MOVE = YES;
				CLANG_WARN_UNGUARDED_AVAILABILITY = YES_AGGRESSIVE;
				CLANG_WARN_UNREACHABLE_CODE = YES;
				CLANG_WARN__DUPLICATE_METHOD_MATCH = YES;
				COPY_PHASE_STRIP = NO;
				DEBUG_INFORMATION_FORMAT = "dwarf-with-dsym";
				ENABLE_NS_ASSERTIONS = NO;
				ENABLE_STRICT_OBJC_MSGSEND = YES;
				GCC_C_LANGUAGE_STANDARD = gnu11;
				GCC_NO_COMMON_BLOCKS = YES;
				GCC_WARN_64_TO_32_BIT_CONVERSION = YES;
				GCC_WARN_ABOUT_RETURN_TYPE = YES_ERROR;
				GCC_WARN_UNDECLARED_SELECTOR = YES;
				GCC_WARN_UNINITIALIZED_AUTOS = YES_AGGRESSIVE;
				GCC_WARN_UNUSED_FUNCTION = YES;
				GCC_WARN_UNUSED_VARIABLE = YES;
				IPHONEOS_DEPLOYMENT_TARGET = 13.2;
				MTL_ENABLE_DEBUG_INFO = NO;
				MTL_FAST_MATH = YES;
				SDKROOT = iphoneos;
				SWIFT_COMPILATION_MODE = wholemodule;
				SWIFT_OPTIMIZATION_LEVEL = "-O";
				VALIDATE_PRODUCT = YES;
			};
			name = Release;
		};
		6FB41CCA24A75865008A4E05 /* Debug */ = {
			isa = XCBuildConfiguration;
			baseConfigurationReference = 7EF86F16BC6CB440A16CC732 /* Pods-tutorialStripe.debug.xcconfig */;
			buildSettings = {
				ASSETCATALOG_COMPILER_APPICON_NAME = AppIcon;
				CODE_SIGN_STYLE = Automatic;
				DEVELOPMENT_TEAM = KS3JUH2DN7;
				INFOPLIST_FILE = tutorialStripe/Info.plist;
				LD_RUNPATH_SEARCH_PATHS = (
					"$(inherited)",
					"@executable_path/Frameworks",
				);
				PRODUCT_BUNDLE_IDENTIFIER = com.ciccc.tutorialStripe;
				PRODUCT_NAME = "$(TARGET_NAME)";
				SWIFT_VERSION = 5.0;
				TARGETED_DEVICE_FAMILY = "1,2";
			};
			name = Debug;
		};
		6FB41CCB24A75865008A4E05 /* Release */ = {
			isa = XCBuildConfiguration;
			baseConfigurationReference = 437E638F66A1F115912827AC /* Pods-tutorialStripe.release.xcconfig */;
			buildSettings = {
				ASSETCATALOG_COMPILER_APPICON_NAME = AppIcon;
				CODE_SIGN_STYLE = Automatic;
				DEVELOPMENT_TEAM = KS3JUH2DN7;
				INFOPLIST_FILE = tutorialStripe/Info.plist;
				LD_RUNPATH_SEARCH_PATHS = (
					"$(inherited)",
					"@executable_path/Frameworks",
				);
				PRODUCT_BUNDLE_IDENTIFIER = com.ciccc.tutorialStripe;
				PRODUCT_NAME = "$(TARGET_NAME)";
				SWIFT_VERSION = 5.0;
				TARGETED_DEVICE_FAMILY = "1,2";
			};
			name = Release;
		};
		6FB41CE224A7595B008A4E05 /* Debug */ = {
			isa = XCBuildConfiguration;
			baseConfigurationReference = 51AB1AA8705CA1494ABCED1D /* Pods-ArtableAdmin.debug.xcconfig */;
			buildSettings = {
				ASSETCATALOG_COMPILER_APPICON_NAME = AppIcon;
				CODE_SIGN_STYLE = Automatic;
				DEVELOPMENT_TEAM = KS3JUH2DN7;
				INFOPLIST_FILE = ArtableAdmin/Info.plist;
				LD_RUNPATH_SEARCH_PATHS = (
					"$(inherited)",
					"@executable_path/Frameworks",
				);
				PRODUCT_BUNDLE_IDENTIFIER = com.ciccc.ArtableAdmin;
				PRODUCT_NAME = "$(TARGET_NAME)";
				SWIFT_VERSION = 5.0;
				TARGETED_DEVICE_FAMILY = "1,2";
			};
			name = Debug;
		};
		6FB41CE324A7595B008A4E05 /* Release */ = {
			isa = XCBuildConfiguration;
			baseConfigurationReference = 85BF99D56855EC6110DB98B4 /* Pods-ArtableAdmin.release.xcconfig */;
			buildSettings = {
				ASSETCATALOG_COMPILER_APPICON_NAME = AppIcon;
				CODE_SIGN_STYLE = Automatic;
				DEVELOPMENT_TEAM = KS3JUH2DN7;
				INFOPLIST_FILE = ArtableAdmin/Info.plist;
				LD_RUNPATH_SEARCH_PATHS = (
					"$(inherited)",
					"@executable_path/Frameworks",
				);
				PRODUCT_BUNDLE_IDENTIFIER = com.ciccc.ArtableAdmin;
				PRODUCT_NAME = "$(TARGET_NAME)";
				SWIFT_VERSION = 5.0;
				TARGETED_DEVICE_FAMILY = "1,2";
			};
			name = Release;
		};
/* End XCBuildConfiguration section */

/* Begin XCConfigurationList section */
		6FB41CB024A75860008A4E05 /* Build configuration list for PBXProject "tutorialStripe" */ = {
			isa = XCConfigurationList;
			buildConfigurations = (
				6FB41CC724A75865008A4E05 /* Debug */,
				6FB41CC824A75865008A4E05 /* Release */,
			);
			defaultConfigurationIsVisible = 0;
			defaultConfigurationName = Release;
		};
		6FB41CC924A75865008A4E05 /* Build configuration list for PBXNativeTarget "tutorialStripe" */ = {
			isa = XCConfigurationList;
			buildConfigurations = (
				6FB41CCA24A75865008A4E05 /* Debug */,
				6FB41CCB24A75865008A4E05 /* Release */,
			);
			defaultConfigurationIsVisible = 0;
			defaultConfigurationName = Release;
		};
		6FB41CE124A7595B008A4E05 /* Build configuration list for PBXNativeTarget "ArtableAdmin" */ = {
			isa = XCConfigurationList;
			buildConfigurations = (
				6FB41CE224A7595B008A4E05 /* Debug */,
				6FB41CE324A7595B008A4E05 /* Release */,
			);
			defaultConfigurationIsVisible = 0;
			defaultConfigurationName = Release;
		};
/* End XCConfigurationList section */
	};
	rootObject = 6FB41CAD24A75860008A4E05 /* Project object */;
}
